<?xml version="1.0" encoding="utf-8"?>
<Project ToolsVersion="4.0" xmlns="http://schemas.microsoft.com/developer/msbuild/2003">
  <ItemGroup>
    <ClCompile Include="cMain.cpp">
      <Filter>src\Source Files</Filter>
    </ClCompile>
    <ClCompile Include="cApp.cpp">
      <Filter>src\Source Files</Filter>
    </ClCompile>
    <ClCompile Include="cLogin.cpp">
      <Filter>src\Source Files</Filter>
    </ClCompile>
  </ItemGroup>
  <ItemGroup>
    <ClInclude Include="cMain.h">
      <Filter>src\Headers</Filter>
    </ClInclude>
    <ClInclude Include="cApp.h">
      <Filter>src\Headers</Filter>
    </ClInclude>
    <ClInclude Include="cLogin.h">
      <Filter>src\Headers</Filter>
    </ClInclude>
  </ItemGroup>
  <ItemGroup>
    <Filter Include="src">
      <UniqueIdentifier>{1764c534-d666-4221-884c-ac6cddf15650}</UniqueIdentifier>
    </Filter>
    <Filter Include="src\Headers">
      <UniqueIdentifier>{92ac94a7-0790-4419-b91e-53bf1fed78aa}</UniqueIdentifier>
    </Filter>
    <Filter Include="src\Source Files">
      <UniqueIdentifier>{80ae6624-8d55-4dfa-9c5a-42c76becfc64}</UniqueIdentifier>
    </Filter>
  </ItemGroup>
</Project>